
Microsoft Visual Studio Solution File, Format Version 12.00
# Visual Studio Version 16
VisualStudioVersion = 16.0.30611.23
MinimumVisualStudioVersion = 10.0.40219.1
Project("{8BC9CEB8-8B4A-11D0-8D11-00A0C91BC942}") = "Example01", "Example01\Example01.vcxproj", "{5AA74085-9D42-45B3-9B6E-164042F56925}"
EndProject
Project("{8BC9CEB8-8B4A-11D0-8D11-00A0C91BC942}") = "Example02", "Example02\Example02.vcxproj", "{27D822A9-D5CC-42BF-8720-09346434A9B8}"
EndProject
Project("{8BC9CEB8-8B4A-11D0-8D11-00A0C91BC942}") = "Example03", "Example03\Example03.vcxproj", "{920C0335-74E3-4347-B461-0281F38C3043}"
EndProject
Project("{8BC9CEB8-8B4A-11D0-8D11-00A0C91BC942}") = "Example04", "Example04\Example04.vcxproj", "{BAA29C9B-BF38-48E0-B7F8-193F8F86786D}"
EndProject
Project("{8BC9CEB8-8B4A-11D0-8D11-00A0C91BC942}") = "Example05", "Example05\Example05.vcxproj", "{1E16F656-3A23-4D2D-A988-B87FEA7DE76C}"
EndProject
Project("{8BC9CEB8-8B4A-11D0-8D11-00A0C91BC942}") = "Example06", "Example06\Example06.vcxproj", "{56548F9C-5204-4C6C-91AE-22FC63F8CAB7}"
EndProject
Project("{8BC9CEB8-8B4A-11D0-8D11-00A0C91BC942}") = "Example07", "Example07\Example07.vcxproj", "{0AD0FD8A-EC97-47D4-94F6-09D197377AD2}"
EndProject
Project("{8BC9CEB8-8B4A-11D0-8D11-00A0C91BC942}") = "Example08", "Example08\Example08.vcxproj", "{B91532B9-246D-4B4A-8F44-171F57C0E462}"
EndProject
Project("{8BC9CEB8-8B4A-11D0-8D11-00A0C91BC942}") = "Example09", "Example09\Example09.vcxproj", "{CF84D423-4787-47AA-8D30-A0DCF9B017AC}"
EndProject
Project("{8BC9CEB8-8B4A-11D0-8D11-00A0C91BC942}") = "Example10", "Example10\Example10.vcxproj", "{85BEBDBF-62B6-470D-B254-6A55DFCA0FA5}"
EndProject
Global
	GlobalSection(SolutionConfigurationPlatforms) = preSolution
		Debug|x64 = Debug|x64
		Debug|x86 = Debug|x86
		Release|x64 = Release|x64
		Release|x86 = Release|x86
	EndGlobalSection
	GlobalSection(ProjectConfigurationPlatforms) = postSolution
		{5AA74085-9D42-45B3-9B6E-164042F56925}.Debug|x64.ActiveCfg = Debug|x64
		{5AA74085-9D42-45B3-9B6E-164042F56925}.Debug|x64.Build.0 = Debug|x64
		{5AA74085-9D42-45B3-9B6E-164042F56925}.Debug|x86.ActiveCfg = Debug|Win32
		{5AA74085-9D42-45B3-9B6E-164042F56925}.Debug|x86.Build.0 = Debug|Win32
		{5AA74085-9D42-45B3-9B6E-164042F56925}.Release|x64.ActiveCfg = Release|x64
		{5AA74085-9D42-45B3-9B6E-164042F56925}.Release|x64.Build.0 = Release|x64
		{5AA74085-9D42-45B3-9B6E-164042F56925}.Release|x86.ActiveCfg = Release|Win32
		{5AA74085-9D42-45B3-9B6E-164042F56925}.Release|x86.Build.0 = Release|Win32
		{27D822A9-D5CC-42BF-8720-09346434A9B8}.Debug|x64.ActiveCfg = Debug|x64
		{27D822A9-D5CC-42BF-8720-09346434A9B8}.Debug|x64.Build.0 = Debug|x64
		{27D822A9-D5CC-42BF-8720-09346434A9B8}.Debug|x86.ActiveCfg = Debug|Win32
		{27D822A9-D5CC-42BF-8720-09346434A9B8}.Debug|x86.Build.0 = Debug|Win32
		{27D822A9-D5CC-42BF-8720-09346434A9B8}.Release|x64.ActiveCfg = Release|x64
		{27D822A9-D5CC-42BF-8720-09346434A9B8}.Release|x64.Build.0 = Release|x64
		{27D822A9-D5CC-42BF-8720-09346434A9B8}.Release|x86.ActiveCfg = Release|Win32
		{27D822A9-D5CC-42BF-8720-09346434A9B8}.Release|x86.Build.0 = Release|Win32
		{920C0335-74E3-4347-B461-0281F38C3043}.Debug|x64.ActiveCfg = Debug|x64
		{920C0335-74E3-4347-B461-0281F38C3043}.Debug|x64.Build.0 = Debug|x64
		{920C0335-74E3-4347-B461-0281F38C3043}.Debug|x86.ActiveCfg = Debug|Win32
		{920C0335-74E3-4347-B461-0281F38C3043}.Debug|x86.Build.0 = Debug|Win32
		{920C0335-74E3-4347-B461-0281F38C3043}.Release|x64.ActiveCfg = Release|x64
		{920C0335-74E3-4347-B461-0281F38C3043}.Release|x64.Build.0 = Release|x64
		{920C0335-74E3-4347-B461-0281F38C3043}.Release|x86.ActiveCfg = Release|Win32
		{920C0335-74E3-4347-B461-0281F38C3043}.Release|x86.Build.0 = Release|Win32
		{BAA29C9B-BF38-48E0-B7F8-193F8F86786D}.Debug|x64.ActiveCfg = Debug|x64
		{BAA29C9B-BF38-48E0-B7F8-193F8F86786D}.Debug|x64.Build.0 = Debug|x64
		{BAA29C9B-BF38-48E0-B7F8-193F8F86786D}.Debug|x86.ActiveCfg = Debug|Win32
		{BAA29C9B-BF38-48E0-B7F8-193F8F86786D}.Debug|x86.Build.0 = Debug|Win32
		{BAA29C9B-BF38-48E0-B7F8-193F8F86786D}.Release|x64.ActiveCfg = Release|x64
		{BAA29C9B-BF38-48E0-B7F8-193F8F86786D}.Release|x64.Build.0 = Release|x64
		{BAA29C9B-BF38-48E0-B7F8-193F8F86786D}.Release|x86.ActiveCfg = Release|Win32
		{BAA29C9B-BF38-48E0-B7F8-193F8F86786D}.Release|x86.Build.0 = Release|Win32
		{1E16F656-3A23-4D2D-A988-B87FEA7DE76C}.Debug|x64.ActiveCfg = Debug|x64
		{1E16F656-3A23-4D2D-A988-B87FEA7DE76C}.Debug|x64.Build.0 = Debug|x64
		{1E16F656-3A23-4D2D-A988-B87FEA7DE76C}.Debug|x86.ActiveCfg = Debug|Win32
		{1E16F656-3A23-4D2D-A988-B87FEA7DE76C}.Debug|x86.Build.0 = Debug|Win32
		{1E16F656-3A23-4D2D-A988-B87FEA7DE76C}.Release|x64.ActiveCfg = Release|x64
		{1E16F656-3A23-4D2D-A988-B87FEA7DE76C}.Release|x64.Build.0 = Release|x64
		{1E16F656-3A23-4D2D-A988-B87FEA7DE76C}.Release|x86.ActiveCfg = Release|Win32
		{1E16F656-3A23-4D2D-A988-B87FEA7DE76C}.Release|x86.Build.0 = Release|Win32
		{56548F9C-5204-4C6C-91AE-22FC63F8CAB7}.Debug|x64.ActiveCfg = Debug|x64
		{56548F9C-5204-4C6C-91AE-22FC63F8CAB7}.Debug|x64.Build.0 = Debug|x64
		{56548F9C-5204-4C6C-91AE-22FC63F8CAB7}.Debug|x86.ActiveCfg = Debug|Win32
		{56548F9C-5204-4C6C-91AE-22FC63F8CAB7}.Debug|x86.Build.0 = Debug|Win32
		{56548F9C-5204-4C6C-91AE-22FC63F8CAB7}.Release|x64.ActiveCfg = Release|x64
		{56548F9C-5204-4C6C-91AE-22FC63F8CAB7}.Release|x64.Build.0 = Release|x64
		{56548F9C-5204-4C6C-91AE-22FC63F8CAB7}.Release|x86.ActiveCfg = Release|Win32
		{56548F9C-5204-4C6C-91AE-22FC63F8CAB7}.Release|x86.Build.0 = Release|Win32
		{0AD0FD8A-EC97-47D4-94F6-09D197377AD2}.Debug|x64.ActiveCfg = Debug|x64
		{0AD0FD8A-EC97-47D4-94F6-09D197377AD2}.Debug|x64.Build.0 = Debug|x64
		{0AD0FD8A-EC97-47D4-94F6-09D197377AD2}.Debug|x86.ActiveCfg = Debug|Win32
		{0AD0FD8A-EC97-47D4-94F6-09D197377AD2}.Debug|x86.Build.0 = Debug|Win32
		{0AD0FD8A-EC97-47D4-94F6-09D197377AD2}.Release|x64.ActiveCfg = Release|x64
		{0AD0FD8A-EC97-47D4-94F6-09D197377AD2}.Release|x64.Build.0 = Release|x64
		{0AD0FD8A-EC97-47D4-94F6-09D197377AD2}.Release|x86.ActiveCfg = Release|Win32
		{0AD0FD8A-EC97-47D4-94F6-09D197377AD2}.Release|x86.Build.0 = Release|Win32
		{B91532B9-246D-4B4A-8F44-171F57C0E462}.Debug|x64.ActiveCfg = Debug|x64
		{B91532B9-246D-4B4A-8F44-171F57C0E462}.Debug|x64.Build.0 = Debug|x64
		{B91532B9-246D-4B4A-8F44-171F57C0E462}.Debug|x86.ActiveCfg = Debug|Win32
		{B91532B9-246D-4B4A-8F44-171F57C0E462}.Debug|x86.Build.0 = Debug|Win32
		{B91532B9-246D-4B4A-8F44-171F57C0E462}.Release|x64.ActiveCfg = Release|x64
		{B91532B9-246D-4B4A-8F44-171F57C0E462}.Release|x64.Build.0 = Release|x64
		{B91532B9-246D-4B4A-8F44-171F57C0E462}.Release|x86.ActiveCfg = Release|Win32
		{B91532B9-246D-4B4A-8F44-171F57C0E462}.Release|x86.Build.0 = Release|Win32
		{CF84D423-4787-47AA-8D30-A0DCF9B017AC}.Debug|x64.ActiveCfg = Debug|x64
		{CF84D423-4787-47AA-8D30-A0DCF9B017AC}.Debug|x64.Build.0 = Debug|x64
		{CF84D423-4787-47AA-8D30-A0DCF9B017AC}.Debug|x86.ActiveCfg = Debug|Win32
		{CF84D423-4787-47AA-8D30-A0DCF9B017AC}.Debug|x86.Build.0 = Debug|Win32
		{CF84D423-4787-47AA-8D30-A0DCF9B017AC}.Release|x64.ActiveCfg = Release|x64
		{CF84D423-4787-47AA-8D30-A0DCF9B017AC}.Release|x64.Build.0 = Release|x64
		{CF84D423-4787-47AA-8D30-A0DCF9B017AC}.Release|x86.ActiveCfg = Release|Win32
		{CF84D423-4787-47AA-8D30-A0DCF9B017AC}.Release|x86.Build.0 = Release|Win32
		{85BEBDBF-62B6-470D-B254-6A55DFCA0FA5}.Debug|x64.ActiveCfg = Debug|x64
		{85BEBDBF-62B6-470D-B254-6A55DFCA0FA5}.Debug|x64.Build.0 = Debug|x64
		{85BEBDBF-62B6-470D-B254-6A55DFCA0FA5}.Debug|x86.ActiveCfg = Debug|Win32
		{85BEBDBF-62B6-470D-B254-6A55DFCA0FA5}.Debug|x86.Build.0 = Debug|Win32
		{85BEBDBF-62B6-470D-B254-6A55DFCA0FA5}.Release|x64.ActiveCfg = Release|x64
		{85BEBDBF-62B6-470D-B254-6A55DFCA0FA5}.Release|x64.Build.0 = Release|x64
		{85BEBDBF-62B6-470D-B254-6A55DFCA0FA5}.Release|x86.ActiveCfg = Release|Win32
		{85BEBDBF-62B6-470D-B254-6A55DFCA0FA5}.Release|x86.Build.0 = Release|Win32
	EndGlobalSection
	GlobalSection(SolutionProperties) = preSolution
		HideSolutionNode = FALSE
	EndGlobalSection
	GlobalSection(ExtensibilityGlobals) = postSolution
		SolutionGuid = {392E9289-DDF3-4861-8433-BDCC4A779598}
	EndGlobalSection
EndGlobal
